
Microsoft Visual Studio Solution File, Format Version 12.00
# Visual Studio Version 16
VisualStudioVersion = 16.0.31911.196
MinimumVisualStudioVersion = 10.0.40219.1
Project("{FAE04EC0-301F-11D3-BF4B-00C04F79EFBC}") = "Proyecto_AdoPet", "Proyecto_AdoPet\Proyecto_AdoPet.csproj", "{1DA10C03-E568-42EC-BA9F-F1A749EE7CA8}"
EndProject
Global
	GlobalSection(SolutionConfigurationPlatforms) = preSolution
		Debug|Any CPU = Debug|Any CPU
		Release|Any CPU = Release|Any CPU
	EndGlobalSection
	GlobalSection(ProjectConfigurationPlatforms) = postSolution
		{1DA10C03-E568-42EC-BA9F-F1A749EE7CA8}.Debug|Any CPU.ActiveCfg = Debug|Any CPU
		{1DA10C03-E568-42EC-BA9F-F1A749EE7CA8}.Debug|Any CPU.Build.0 = Debug|Any CPU
		{1DA10C03-E568-42EC-BA9F-F1A749EE7CA8}.Release|Any CPU.ActiveCfg = Release|Any CPU
		{1DA10C03-E568-42EC-BA9F-F1A749EE7CA8}.Release|Any CPU.Build.0 = Release|Any CPU
	EndGlobalSection
	GlobalSection(SolutionProperties) = preSolution
		HideSolutionNode = FALSE
	EndGlobalSection
	GlobalSection(ExtensibilityGlobals) = postSolution
		SolutionGuid = {0568C86E-432A-438E-9E96-702C2C74A792}
	EndGlobalSection
EndGlobal
